// !$*UTF8*$!
{
	archiveVersion = 1;
	classes = {
	};
	objectVersion = 56;
	objects = {

/* Begin PBXBuildFile section */
		21074A242C9B496C00D40598 /* FavoriteCell.swift in Sources */ = {isa = PBXBuildFile; fileRef = 21074A232C9B496C00D40598 /* FavoriteCell.swift */; };
		210A5FAF2C8A0CD400B4D655 /* AppDelegate.swift in Sources */ = {isa = PBXBuildFile; fileRef = 210A5FAE2C8A0CD400B4D655 /* AppDelegate.swift */; };
		210A5FB12C8A0CD400B4D655 /* SceneDelegate.swift in Sources */ = {isa = PBXBuildFile; fileRef = 210A5FB02C8A0CD400B4D655 /* SceneDelegate.swift */; };
		210A5FB82C8A0CD500B4D655 /* Assets.xcassets in Resources */ = {isa = PBXBuildFile; fileRef = 210A5FB72C8A0CD500B4D655 /* Assets.xcassets */; };
		210A5FBB2C8A0CD500B4D655 /* Base in Resources */ = {isa = PBXBuildFile; fileRef = 210A5FBA2C8A0CD500B4D655 /* Base */; };
		210A5FC52C8A146D00B4D655 /* SearchVC.swift in Sources */ = {isa = PBXBuildFile; fileRef = 210A5FC42C8A146D00B4D655 /* SearchVC.swift */; };
		210A5FC72C8A14A300B4D655 /* FavoritesListVC.swift in Sources */ = {isa = PBXBuildFile; fileRef = 210A5FC62C8A14A300B4D655 /* FavoritesListVC.swift */; };
		211191232C96047A00F3F71C /* Constants.swift in Sources */ = {isa = PBXBuildFile; fileRef = 211191222C96047A00F3F71C /* Constants.swift */; };
		211191252C960D2E00F3F71C /* GFItemInfoView.swift in Sources */ = {isa = PBXBuildFile; fileRef = 211191242C960D2E00F3F71C /* GFItemInfoView.swift */; };
		211191412C97DE5100F3F71C /* GFItemInfoVC.swift in Sources */ = {isa = PBXBuildFile; fileRef = 211191402C97DE5100F3F71C /* GFItemInfoVC.swift */; };
		211191432C97E0AF00F3F71C /* GFRepoItemVC.swift in Sources */ = {isa = PBXBuildFile; fileRef = 211191422C97E0AF00F3F71C /* GFRepoItemVC.swift */; };
		211191452C97E24200F3F71C /* GFFollowerItemVC.swift in Sources */ = {isa = PBXBuildFile; fileRef = 211191442C97E24200F3F71C /* GFFollowerItemVC.swift */; };
		211191482C97EAEB00F3F71C /* Date+Ext.swift in Sources */ = {isa = PBXBuildFile; fileRef = 211191472C97EAEB00F3F71C /* Date+Ext.swift */; };
		2111914C2C97F8F900F3F71C /* PersistanceManager.swift in Sources */ = {isa = PBXBuildFile; fileRef = 2111914B2C97F8F900F3F71C /* PersistanceManager.swift */; };
		212511FE2C9C7FDB0037E4CD /* GFTabBarController.swift in Sources */ = {isa = PBXBuildFile; fileRef = 212511FD2C9C7FDB0037E4CD /* GFTabBarController.swift */; };
		212512002C9CAD150037E4CD /* GFAlertContainerView.swift in Sources */ = {isa = PBXBuildFile; fileRef = 212511FF2C9CAD150037E4CD /* GFAlertContainerView.swift */; };
		212512022C9CB4870037E4CD /* GFDataLoadingVC.swift in Sources */ = {isa = PBXBuildFile; fileRef = 212512012C9CB4870037E4CD /* GFDataLoadingVC.swift */; };
		212512062C9CDB0E0037E4CD /* UIView+Ext.swift in Sources */ = {isa = PBXBuildFile; fileRef = 212512052C9CDB0E0037E4CD /* UIView+Ext.swift */; };
		2125120A2C9DE5310037E4CD /* UITableView+Ext.swift in Sources */ = {isa = PBXBuildFile; fileRef = 212512092C9DE5310037E4CD /* UITableView+Ext.swift */; };
		2131896B2C94D60A00BAC796 /* GFUserInfoHeaderVC.swift in Sources */ = {isa = PBXBuildFile; fileRef = 2131896A2C94D60A00BAC796 /* GFUserInfoHeaderVC.swift */; };
		2131896D2C94D66200BAC796 /* GFSecondaryTitleLabel.swift in Sources */ = {isa = PBXBuildFile; fileRef = 2131896C2C94D66100BAC796 /* GFSecondaryTitleLabel.swift */; };
		21C3538C2C8A568000D740FF /* GFButton.swift in Sources */ = {isa = PBXBuildFile; fileRef = 21C3538B2C8A568000D740FF /* GFButton.swift */; };
		21C3538E2C8A5AD300D740FF /* GFTextField.swift in Sources */ = {isa = PBXBuildFile; fileRef = 21C3538D2C8A5AD300D740FF /* GFTextField.swift */; };
		21C353902C8AC36200D740FF /* FollowersListVC.swift in Sources */ = {isa = PBXBuildFile; fileRef = 21C3538F2C8AC36200D740FF /* FollowersListVC.swift */; };
		21C353922C8AC96000D740FF /* GFTitleLabel.swift in Sources */ = {isa = PBXBuildFile; fileRef = 21C353912C8AC96000D740FF /* GFTitleLabel.swift */; };
		21C353942C8ACAA100D740FF /* GFBodyLabel.swift in Sources */ = {isa = PBXBuildFile; fileRef = 21C353932C8ACAA100D740FF /* GFBodyLabel.swift */; };
		21C353962C8ACCD100D740FF /* GFAlertVC.swift in Sources */ = {isa = PBXBuildFile; fileRef = 21C353952C8ACCD100D740FF /* GFAlertVC.swift */; };
		21C353982C8B69D600D740FF /* UIViewController+Ext.swift in Sources */ = {isa = PBXBuildFile; fileRef = 21C353972C8B69D600D740FF /* UIViewController+Ext.swift */; };
		21C3539F2C8B735900D740FF /* Follower.swift in Sources */ = {isa = PBXBuildFile; fileRef = 21C3539E2C8B735900D740FF /* Follower.swift */; };
		21C353A12C8BDDE400D740FF /* User.swift in Sources */ = {isa = PBXBuildFile; fileRef = 21C353A02C8BDDE400D740FF /* User.swift */; };
		21C353A42C8E1CDD00D740FF /* NetworkManager.swift in Sources */ = {isa = PBXBuildFile; fileRef = 21C353A32C8E1CDD00D740FF /* NetworkManager.swift */; };
		21C353AA2C8E2FF800D740FF /* FollowerCell.swift in Sources */ = {isa = PBXBuildFile; fileRef = 21C353A92C8E2FF800D740FF /* FollowerCell.swift */; };
		21C353AC2C8E30F400D740FF /* GFAvatarImageView.swift in Sources */ = {isa = PBXBuildFile; fileRef = 21C353AB2C8E30F400D740FF /* GFAvatarImageView.swift */; };
		21C353AE2C916ACD00D740FF /* UIHelper.swift in Sources */ = {isa = PBXBuildFile; fileRef = 21C353AD2C916ACD00D740FF /* UIHelper.swift */; };
		21C353B62C92346600D740FF /* GFEmptyStateVIew.swift in Sources */ = {isa = PBXBuildFile; fileRef = 21C353B52C92346600D740FF /* GFEmptyStateVIew.swift */; };
		21C353B82C934D7600D740FF /* UserInfoVC.swift in Sources */ = {isa = PBXBuildFile; fileRef = 21C353B72C934D7600D740FF /* UserInfoVC.swift */; };
		21C353BA2C93954900D740FF /* GFError.swift in Sources */ = {isa = PBXBuildFile; fileRef = 21C353B92C93954900D740FF /* GFError.swift */; };
/* End PBXBuildFile section */

/* Begin PBXFileReference section */
		21074A232C9B496C00D40598 /* FavoriteCell.swift */ = {isa = PBXFileReference; lastKnownFileType = sourcecode.swift; path = FavoriteCell.swift; sourceTree = "<group>"; };
		210A5FAB2C8A0CD400B4D655 /* GHFollowers.app */ = {isa = PBXFileReference; explicitFileType = wrapper.application; includeInIndex = 0; path = GHFollowers.app; sourceTree = BUILT_PRODUCTS_DIR; };
		210A5FAE2C8A0CD400B4D655 /* AppDelegate.swift */ = {isa = PBXFileReference; lastKnownFileType = sourcecode.swift; path = AppDelegate.swift; sourceTree = "<group>"; };
		210A5FB02C8A0CD400B4D655 /* SceneDelegate.swift */ = {isa = PBXFileReference; lastKnownFileType = sourcecode.swift; path = SceneDelegate.swift; sourceTree = "<group>"; };
		210A5FB72C8A0CD500B4D655 /* Assets.xcassets */ = {isa = PBXFileReference; lastKnownFileType = folder.assetcatalog; path = Assets.xcassets; sourceTree = "<group>"; };
		210A5FBA2C8A0CD500B4D655 /* Base */ = {isa = PBXFileReference; lastKnownFileType = file.storyboard; name = Base; path = Base.lproj/LaunchScreen.storyboard; sourceTree = "<group>"; };
		210A5FBC2C8A0CD500B4D655 /* Info.plist */ = {isa = PBXFileReference; lastKnownFileType = text.plist.xml; path = Info.plist; sourceTree = "<group>"; };
		210A5FC42C8A146D00B4D655 /* SearchVC.swift */ = {isa = PBXFileReference; lastKnownFileType = sourcecode.swift; path = SearchVC.swift; sourceTree = "<group>"; };
		210A5FC62C8A14A300B4D655 /* FavoritesListVC.swift */ = {isa = PBXFileReference; lastKnownFileType = sourcecode.swift; path = FavoritesListVC.swift; sourceTree = "<group>"; };
		211191222C96047A00F3F71C /* Constants.swift */ = {isa = PBXFileReference; lastKnownFileType = sourcecode.swift; path = Constants.swift; sourceTree = "<group>"; };
		211191242C960D2E00F3F71C /* GFItemInfoView.swift */ = {isa = PBXFileReference; lastKnownFileType = sourcecode.swift; path = GFItemInfoView.swift; sourceTree = "<group>"; };
		211191402C97DE5100F3F71C /* GFItemInfoVC.swift */ = {isa = PBXFileReference; lastKnownFileType = sourcecode.swift; path = GFItemInfoVC.swift; sourceTree = "<group>"; };
		211191422C97E0AF00F3F71C /* GFRepoItemVC.swift */ = {isa = PBXFileReference; lastKnownFileType = sourcecode.swift; path = GFRepoItemVC.swift; sourceTree = "<group>"; };
		211191442C97E24200F3F71C /* GFFollowerItemVC.swift */ = {isa = PBXFileReference; lastKnownFileType = sourcecode.swift; path = GFFollowerItemVC.swift; sourceTree = "<group>"; };
		211191472C97EAEB00F3F71C /* Date+Ext.swift */ = {isa = PBXFileReference; lastKnownFileType = sourcecode.swift; path = "Date+Ext.swift"; sourceTree = "<group>"; };
		2111914B2C97F8F900F3F71C /* PersistanceManager.swift */ = {isa = PBXFileReference; lastKnownFileType = sourcecode.swift; path = PersistanceManager.swift; sourceTree = "<group>"; };
		212511FD2C9C7FDB0037E4CD /* GFTabBarController.swift */ = {isa = PBXFileReference; lastKnownFileType = sourcecode.swift; path = GFTabBarController.swift; sourceTree = "<group>"; };
		212511FF2C9CAD150037E4CD /* GFAlertContainerView.swift */ = {isa = PBXFileReference; lastKnownFileType = sourcecode.swift; path = GFAlertContainerView.swift; sourceTree = "<group>"; };
		212512012C9CB4870037E4CD /* GFDataLoadingVC.swift */ = {isa = PBXFileReference; lastKnownFileType = sourcecode.swift; path = GFDataLoadingVC.swift; sourceTree = "<group>"; };
		212512052C9CDB0E0037E4CD /* UIView+Ext.swift */ = {isa = PBXFileReference; lastKnownFileType = sourcecode.swift; path = "UIView+Ext.swift"; sourceTree = "<group>"; };
		212512092C9DE5310037E4CD /* UITableView+Ext.swift */ = {isa = PBXFileReference; lastKnownFileType = sourcecode.swift; path = "UITableView+Ext.swift"; sourceTree = "<group>"; };
		2131896A2C94D60A00BAC796 /* GFUserInfoHeaderVC.swift */ = {isa = PBXFileReference; lastKnownFileType = sourcecode.swift; path = GFUserInfoHeaderVC.swift; sourceTree = "<group>"; };
		2131896C2C94D66100BAC796 /* GFSecondaryTitleLabel.swift */ = {isa = PBXFileReference; lastKnownFileType = sourcecode.swift; path = GFSecondaryTitleLabel.swift; sourceTree = "<group>"; };
		21C3538B2C8A568000D740FF /* GFButton.swift */ = {isa = PBXFileReference; lastKnownFileType = sourcecode.swift; path = GFButton.swift; sourceTree = "<group>"; };
		21C3538D2C8A5AD300D740FF /* GFTextField.swift */ = {isa = PBXFileReference; lastKnownFileType = sourcecode.swift; path = GFTextField.swift; sourceTree = "<group>"; };
		21C3538F2C8AC36200D740FF /* FollowersListVC.swift */ = {isa = PBXFileReference; lastKnownFileType = sourcecode.swift; path = FollowersListVC.swift; sourceTree = "<group>"; };
		21C353912C8AC96000D740FF /* GFTitleLabel.swift */ = {isa = PBXFileReference; lastKnownFileType = sourcecode.swift; path = GFTitleLabel.swift; sourceTree = "<group>"; };
		21C353932C8ACAA100D740FF /* GFBodyLabel.swift */ = {isa = PBXFileReference; lastKnownFileType = sourcecode.swift; path = GFBodyLabel.swift; sourceTree = "<group>"; };
		21C353952C8ACCD100D740FF /* GFAlertVC.swift */ = {isa = PBXFileReference; lastKnownFileType = sourcecode.swift; path = GFAlertVC.swift; sourceTree = "<group>"; };
		21C353972C8B69D600D740FF /* UIViewController+Ext.swift */ = {isa = PBXFileReference; lastKnownFileType = sourcecode.swift; path = "UIViewController+Ext.swift"; sourceTree = "<group>"; };
		21C3539E2C8B735900D740FF /* Follower.swift */ = {isa = PBXFileReference; lastKnownFileType = sourcecode.swift; path = Follower.swift; sourceTree = "<group>"; };
		21C353A02C8BDDE400D740FF /* User.swift */ = {isa = PBXFileReference; lastKnownFileType = sourcecode.swift; path = User.swift; sourceTree = "<group>"; };
		21C353A32C8E1CDD00D740FF /* NetworkManager.swift */ = {isa = PBXFileReference; lastKnownFileType = sourcecode.swift; path = NetworkManager.swift; sourceTree = "<group>"; };
		21C353A92C8E2FF800D740FF /* FollowerCell.swift */ = {isa = PBXFileReference; lastKnownFileType = sourcecode.swift; path = FollowerCell.swift; sourceTree = "<group>"; };
		21C353AB2C8E30F400D740FF /* GFAvatarImageView.swift */ = {isa = PBXFileReference; lastKnownFileType = sourcecode.swift; path = GFAvatarImageView.swift; sourceTree = "<group>"; };
		21C353AD2C916ACD00D740FF /* UIHelper.swift */ = {isa = PBXFileReference; lastKnownFileType = sourcecode.swift; path = UIHelper.swift; sourceTree = "<group>"; };
		21C353B52C92346600D740FF /* GFEmptyStateVIew.swift */ = {isa = PBXFileReference; lastKnownFileType = sourcecode.swift; path = GFEmptyStateVIew.swift; sourceTree = "<group>"; };
		21C353B72C934D7600D740FF /* UserInfoVC.swift */ = {isa = PBXFileReference; lastKnownFileType = sourcecode.swift; path = UserInfoVC.swift; sourceTree = "<group>"; };
		21C353B92C93954900D740FF /* GFError.swift */ = {isa = PBXFileReference; lastKnownFileType = sourcecode.swift; path = GFError.swift; sourceTree = "<group>"; };
/* End PBXFileReference section */

/* Begin PBXFrameworksBuildPhase section */
		210A5FA82C8A0CD400B4D655 /* Frameworks */ = {
			isa = PBXFrameworksBuildPhase;
			buildActionMask = 2147483647;
			files = (
			);
			runOnlyForDeploymentPostprocessing = 0;
		};
/* End PBXFrameworksBuildPhase section */

/* Begin PBXGroup section */
		210A5FA22C8A0CD400B4D655 = {
			isa = PBXGroup;
			children = (
				210A5FAD2C8A0CD400B4D655 /* GHFollowers */,
				210A5FAC2C8A0CD400B4D655 /* Products */,
			);
			sourceTree = "<group>";
		};
		210A5FAC2C8A0CD400B4D655 /* Products */ = {
			isa = PBXGroup;
			children = (
				210A5FAB2C8A0CD400B4D655 /* GHFollowers.app */,
			);
			name = Products;
			sourceTree = "<group>";
		};
		210A5FAD2C8A0CD400B4D655 /* GHFollowers */ = {
			isa = PBXGroup;
			children = (
				210A5FBC2C8A0CD500B4D655 /* Info.plist */,
				21C353A52C8E25C400D740FF /* Utilities */,
				21C353A22C8E1CD000D740FF /* Managers */,
				21C3539D2C8B734900D740FF /* Model */,
				21C3539C2C8B70AD00D740FF /* Support */,
				21C3539B2C8B702F00D740FF /* Extension */,
				21C3539A2C8B700000D740FF /* Custom Views */,
				21C353992C8B6FD900D740FF /* Screens */,
			);
			path = GHFollowers;
			sourceTree = "<group>";
		};
		211191462C97E29300F3F71C /* ItemInfoVCs */ = {
			isa = PBXGroup;
			children = (
				211191402C97DE5100F3F71C /* GFItemInfoVC.swift */,
				211191422C97E0AF00F3F71C /* GFRepoItemVC.swift */,
				211191442C97E24200F3F71C /* GFFollowerItemVC.swift */,
			);
			path = ItemInfoVCs;
			sourceTree = "<group>";
		};
		212511FC2C9C7FBC0037E4CD /* TabBarControllers */ = {
			isa = PBXGroup;
			children = (
				212511FD2C9C7FDB0037E4CD /* GFTabBarController.swift */,
			);
			path = TabBarControllers;
			sourceTree = "<group>";
		};
		21C353992C8B6FD900D740FF /* Screens */ = {
			isa = PBXGroup;
			children = (
				210A5FC62C8A14A300B4D655 /* FavoritesListVC.swift */,
				21C3538F2C8AC36200D740FF /* FollowersListVC.swift */,
				210A5FC42C8A146D00B4D655 /* SearchVC.swift */,
				21C353B72C934D7600D740FF /* UserInfoVC.swift */,
			);
			path = Screens;
			sourceTree = "<group>";
		};
		21C3539A2C8B700000D740FF /* Custom Views */ = {
			isa = PBXGroup;
			children = (
				212511FC2C9C7FBC0037E4CD /* TabBarControllers */,
				21C353B42C9233FA00D740FF /* Labels */,
				21C353B32C9233C800D740FF /* TextFields */,
				21C353B22C9233BC00D740FF /* ViewControllers */,
				21C353B12C9233AE00D740FF /* ImageViews */,
				21C353B02C9233A200D740FF /* Buttons */,
				21C353AF2C92339B00D740FF /* Views */,
				21C353A82C8E2FD700D740FF /* Cells */,
			);
			path = "Custom Views";
			sourceTree = "<group>";
		};
		21C3539B2C8B702F00D740FF /* Extension */ = {
			isa = PBXGroup;
			children = (
				21C353972C8B69D600D740FF /* UIViewController+Ext.swift */,
				211191472C97EAEB00F3F71C /* Date+Ext.swift */,
				212512052C9CDB0E0037E4CD /* UIView+Ext.swift */,
				212512092C9DE5310037E4CD /* UITableView+Ext.swift */,
			);
			path = Extension;
			sourceTree = "<group>";
		};
		21C3539C2C8B70AD00D740FF /* Support */ = {
			isa = PBXGroup;
			children = (
				210A5FAE2C8A0CD400B4D655 /* AppDelegate.swift */,
				210A5FB02C8A0CD400B4D655 /* SceneDelegate.swift */,
				210A5FB72C8A0CD500B4D655 /* Assets.xcassets */,
				210A5FB92C8A0CD500B4D655 /* LaunchScreen.storyboard */,
			);
			path = Support;
			sourceTree = "<group>";
		};
		21C3539D2C8B734900D740FF /* Model */ = {
			isa = PBXGroup;
			children = (
				21C3539E2C8B735900D740FF /* Follower.swift */,
				21C353A02C8BDDE400D740FF /* User.swift */,
			);
			path = Model;
			sourceTree = "<group>";
		};
		21C353A22C8E1CD000D740FF /* Managers */ = {
			isa = PBXGroup;
			children = (
				21C353A32C8E1CDD00D740FF /* NetworkManager.swift */,
				2111914B2C97F8F900F3F71C /* PersistanceManager.swift */,
			);
			path = Managers;
			sourceTree = "<group>";
		};
		21C353A52C8E25C400D740FF /* Utilities */ = {
			isa = PBXGroup;
			children = (
				21C353AD2C916ACD00D740FF /* UIHelper.swift */,
				21C353B92C93954900D740FF /* GFError.swift */,
				211191222C96047A00F3F71C /* Constants.swift */,
			);
			path = Utilities;
			sourceTree = "<group>";
		};
		21C353A82C8E2FD700D740FF /* Cells */ = {
			isa = PBXGroup;
			children = (
				21C353A92C8E2FF800D740FF /* FollowerCell.swift */,
				21074A232C9B496C00D40598 /* FavoriteCell.swift */,
			);
			path = Cells;
			sourceTree = "<group>";
		};
		21C353AF2C92339B00D740FF /* Views */ = {
			isa = PBXGroup;
			children = (
				21C353B52C92346600D740FF /* GFEmptyStateVIew.swift */,
				211191242C960D2E00F3F71C /* GFItemInfoView.swift */,
				212511FF2C9CAD150037E4CD /* GFAlertContainerView.swift */,
			);
			path = Views;
			sourceTree = "<group>";
		};
		21C353B02C9233A200D740FF /* Buttons */ = {
			isa = PBXGroup;
			children = (
				21C3538B2C8A568000D740FF /* GFButton.swift */,
			);
			path = Buttons;
			sourceTree = "<group>";
		};
		21C353B12C9233AE00D740FF /* ImageViews */ = {
			isa = PBXGroup;
			children = (
				21C353AB2C8E30F400D740FF /* GFAvatarImageView.swift */,
			);
			path = ImageViews;
			sourceTree = "<group>";
		};
		21C353B22C9233BC00D740FF /* ViewControllers */ = {
			isa = PBXGroup;
			children = (
				211191462C97E29300F3F71C /* ItemInfoVCs */,
				21C353952C8ACCD100D740FF /* GFAlertVC.swift */,
				2131896A2C94D60A00BAC796 /* GFUserInfoHeaderVC.swift */,
				212512012C9CB4870037E4CD /* GFDataLoadingVC.swift */,
			);
			path = ViewControllers;
			sourceTree = "<group>";
		};
		21C353B32C9233C800D740FF /* TextFields */ = {
			isa = PBXGroup;
			children = (
				21C3538D2C8A5AD300D740FF /* GFTextField.swift */,
			);
			path = TextFields;
			sourceTree = "<group>";
		};
		21C353B42C9233FA00D740FF /* Labels */ = {
			isa = PBXGroup;
			children = (
				21C353932C8ACAA100D740FF /* GFBodyLabel.swift */,
				21C353912C8AC96000D740FF /* GFTitleLabel.swift */,
				2131896C2C94D66100BAC796 /* GFSecondaryTitleLabel.swift */,
			);
			path = Labels;
			sourceTree = "<group>";
		};
/* End PBXGroup section */

/* Begin PBXNativeTarget section */
		210A5FAA2C8A0CD400B4D655 /* GHFollowers */ = {
			isa = PBXNativeTarget;
			buildConfigurationList = 210A5FBF2C8A0CD500B4D655 /* Build configuration list for PBXNativeTarget "GHFollowers" */;
			buildPhases = (
				210A5FA72C8A0CD400B4D655 /* Sources */,
				210A5FA82C8A0CD400B4D655 /* Frameworks */,
				210A5FA92C8A0CD400B4D655 /* Resources */,
			);
			buildRules = (
			);
			dependencies = (
			);
			name = GHFollowers;
			productName = GHFollowers;
			productReference = 210A5FAB2C8A0CD400B4D655 /* GHFollowers.app */;
			productType = "com.apple.product-type.application";
		};
/* End PBXNativeTarget section */

/* Begin PBXProject section */
		210A5FA32C8A0CD400B4D655 /* Project object */ = {
			isa = PBXProject;
			attributes = {
				BuildIndependentTargetsInParallel = 1;
				LastSwiftUpdateCheck = 1540;
				LastUpgradeCheck = 1540;
				TargetAttributes = {
					210A5FAA2C8A0CD400B4D655 = {
						CreatedOnToolsVersion = 15.4;
					};
				};
			};
			buildConfigurationList = 210A5FA62C8A0CD400B4D655 /* Build configuration list for PBXProject "GHFollowers" */;
			compatibilityVersion = "Xcode 14.0";
			developmentRegion = en;
			hasScannedForEncodings = 0;
			knownRegions = (
				en,
				Base,
			);
			mainGroup = 210A5FA22C8A0CD400B4D655;
			productRefGroup = 210A5FAC2C8A0CD400B4D655 /* Products */;
			projectDirPath = "";
			projectRoot = "";
			targets = (
				210A5FAA2C8A0CD400B4D655 /* GHFollowers */,
			);
		};
/* End PBXProject section */

/* Begin PBXResourcesBuildPhase section */
		210A5FA92C8A0CD400B4D655 /* Resources */ = {
			isa = PBXResourcesBuildPhase;
			buildActionMask = 2147483647;
			files = (
				210A5FB82C8A0CD500B4D655 /* Assets.xcassets in Resources */,
				210A5FBB2C8A0CD500B4D655 /* Base in Resources */,
			);
			runOnlyForDeploymentPostprocessing = 0;
		};
/* End PBXResourcesBuildPhase section */

/* Begin PBXSourcesBuildPhase section */
		210A5FA72C8A0CD400B4D655 /* Sources */ = {
			isa = PBXSourcesBuildPhase;
			buildActionMask = 2147483647;
			files = (
				212512062C9CDB0E0037E4CD /* UIView+Ext.swift in Sources */,
				21C353A12C8BDDE400D740FF /* User.swift in Sources */,
				21C353B62C92346600D740FF /* GFEmptyStateVIew.swift in Sources */,
				21C3538E2C8A5AD300D740FF /* GFTextField.swift in Sources */,
				21C353902C8AC36200D740FF /* FollowersListVC.swift in Sources */,
				210A5FC72C8A14A300B4D655 /* FavoritesListVC.swift in Sources */,
				21C353982C8B69D600D740FF /* UIViewController+Ext.swift in Sources */,
				211191412C97DE5100F3F71C /* GFItemInfoVC.swift in Sources */,
				211191232C96047A00F3F71C /* Constants.swift in Sources */,
				21C353AE2C916ACD00D740FF /* UIHelper.swift in Sources */,
				21C353AC2C8E30F400D740FF /* GFAvatarImageView.swift in Sources */,
				21C3538C2C8A568000D740FF /* GFButton.swift in Sources */,
				211191452C97E24200F3F71C /* GFFollowerItemVC.swift in Sources */,
				211191252C960D2E00F3F71C /* GFItemInfoView.swift in Sources */,
				21074A242C9B496C00D40598 /* FavoriteCell.swift in Sources */,
				21C353962C8ACCD100D740FF /* GFAlertVC.swift in Sources */,
				212511FE2C9C7FDB0037E4CD /* GFTabBarController.swift in Sources */,
				2111914C2C97F8F900F3F71C /* PersistanceManager.swift in Sources */,
				21C353AA2C8E2FF800D740FF /* FollowerCell.swift in Sources */,
				2131896B2C94D60A00BAC796 /* GFUserInfoHeaderVC.swift in Sources */,
				212512022C9CB4870037E4CD /* GFDataLoadingVC.swift in Sources */,
				21C353BA2C93954900D740FF /* GFError.swift in Sources */,
				212512002C9CAD150037E4CD /* GFAlertContainerView.swift in Sources */,
				21C353942C8ACAA100D740FF /* GFBodyLabel.swift in Sources */,
				21C3539F2C8B735900D740FF /* Follower.swift in Sources */,
				211191482C97EAEB00F3F71C /* Date+Ext.swift in Sources */,
				2131896D2C94D66200BAC796 /* GFSecondaryTitleLabel.swift in Sources */,
				21C353922C8AC96000D740FF /* GFTitleLabel.swift in Sources */,
				21C353A42C8E1CDD00D740FF /* NetworkManager.swift in Sources */,
				210A5FC52C8A146D00B4D655 /* SearchVC.swift in Sources */,
				210A5FAF2C8A0CD400B4D655 /* AppDelegate.swift in Sources */,
				210A5FB12C8A0CD400B4D655 /* SceneDelegate.swift in Sources */,
				2125120A2C9DE5310037E4CD /* UITableView+Ext.swift in Sources */,
				211191432C97E0AF00F3F71C /* GFRepoItemVC.swift in Sources */,
				21C353B82C934D7600D740FF /* UserInfoVC.swift in Sources */,
			);
			runOnlyForDeploymentPostprocessing = 0;
		};
/* End PBXSourcesBuildPhase section */

/* Begin PBXVariantGroup section */
		210A5FB92C8A0CD500B4D655 /* LaunchScreen.storyboard */ = {
			isa = PBXVariantGroup;
			children = (
				210A5FBA2C8A0CD500B4D655 /* Base */,
			);
			name = LaunchScreen.storyboard;
			sourceTree = "<group>";
		};
/* End PBXVariantGroup section */

/* Begin XCBuildConfiguration section */
		210A5FBD2C8A0CD500B4D655 /* Debug */ = {
			isa = XCBuildConfiguration;
			buildSettings = {
				ALWAYS_SEARCH_USER_PATHS = NO;
				ASSETCATALOG_COMPILER_GENERATE_SWIFT_ASSET_SYMBOL_EXTENSIONS = YES;
				CLANG_ANALYZER_NONNULL = YES;
				CLANG_ANALYZER_NUMBER_OBJECT_CONVERSION = YES_AGGRESSIVE;
				CLANG_CXX_LANGUAGE_STANDARD = "gnu++20";
				CLANG_ENABLE_MODULES = YES;
				CLANG_ENABLE_OBJC_ARC = YES;
				CLANG_ENABLE_OBJC_WEAK = YES;
				CLANG_WARN_BLOCK_CAPTURE_AUTORELEASING = YES;
				CLANG_WARN_BOOL_CONVERSION = YES;
				CLANG_WARN_COMMA = YES;
				CLANG_WARN_CONSTANT_CONVERSION = YES;
				CLANG_WARN_DEPRECATED_OBJC_IMPLEMENTATIONS = YES;
				CLANG_WARN_DIRECT_OBJC_ISA_USAGE = YES_ERROR;
				CLANG_WARN_DOCUMENTATION_COMMENTS = YES;
				CLANG_WARN_EMPTY_BODY = YES;
				CLANG_WARN_ENUM_CONVERSION = YES;
				CLANG_WARN_INFINITE_RECURSION = YES;
				CLANG_WARN_INT_CONVERSION = YES;
				CLANG_WARN_NON_LITERAL_NULL_CONVERSION = YES;
				CLANG_WARN_OBJC_IMPLICIT_RETAIN_SELF = YES;
				CLANG_WARN_OBJC_LITERAL_CONVERSION = YES;
				CLANG_WARN_OBJC_ROOT_CLASS = YES_ERROR;
				CLANG_WARN_QUOTED_INCLUDE_IN_FRAMEWORK_HEADER = YES;
				CLANG_WARN_RANGE_LOOP_ANALYSIS = YES;
				CLANG_WARN_STRICT_PROTOTYPES = YES;
				CLANG_WARN_SUSPICIOUS_MOVE = YES;
				CLANG_WARN_UNGUARDED_AVAILABILITY = YES_AGGRESSIVE;
				CLANG_WARN_UNREACHABLE_CODE = YES;
				CLANG_WARN__DUPLICATE_METHOD_MATCH = YES;
				COPY_PHASE_STRIP = NO;
				DEBUG_INFORMATION_FORMAT = dwarf;
				ENABLE_STRICT_OBJC_MSGSEND = YES;
				ENABLE_TESTABILITY = YES;
				ENABLE_USER_SCRIPT_SANDBOXING = YES;
				GCC_C_LANGUAGE_STANDARD = gnu17;
				GCC_DYNAMIC_NO_PIC = NO;
				GCC_NO_COMMON_BLOCKS = YES;
				GCC_OPTIMIZATION_LEVEL = 0;
				GCC_PREPROCESSOR_DEFINITIONS = (
					"DEBUG=1",
					"$(inherited)",
				);
				GCC_WARN_64_TO_32_BIT_CONVERSION = YES;
				GCC_WARN_ABOUT_RETURN_TYPE = YES_ERROR;
				GCC_WARN_UNDECLARED_SELECTOR = YES;
				GCC_WARN_UNINITIALIZED_AUTOS = YES_AGGRESSIVE;
				GCC_WARN_UNUSED_FUNCTION = YES;
				GCC_WARN_UNUSED_VARIABLE = YES;
				IPHONEOS_DEPLOYMENT_TARGET = 17.5;
				LOCALIZATION_PREFERS_STRING_CATALOGS = YES;
				MTL_ENABLE_DEBUG_INFO = INCLUDE_SOURCE;
				MTL_FAST_MATH = YES;
				ONLY_ACTIVE_ARCH = YES;
				SDKROOT = iphoneos;
				SWIFT_ACTIVE_COMPILATION_CONDITIONS = "DEBUG $(inherited)";
				SWIFT_OPTIMIZATION_LEVEL = "-Onone";
			};
			name = Debug;
		};
		210A5FBE2C8A0CD500B4D655 /* Release */ = {
			isa = XCBuildConfiguration;
			buildSettings = {
				ALWAYS_SEARCH_USER_PATHS = NO;
				ASSETCATALOG_COMPILER_GENERATE_SWIFT_ASSET_SYMBOL_EXTENSIONS = YES;
				CLANG_ANALYZER_NONNULL = YES;
				CLANG_ANALYZER_NUMBER_OBJECT_CONVERSION = YES_AGGRESSIVE;
				CLANG_CXX_LANGUAGE_STANDARD = "gnu++20";
				CLANG_ENABLE_MODULES = YES;
				CLANG_ENABLE_OBJC_ARC = YES;
				CLANG_ENABLE_OBJC_WEAK = YES;
				CLANG_WARN_BLOCK_CAPTURE_AUTORELEASING = YES;
				CLANG_WARN_BOOL_CONVERSION = YES;
				CLANG_WARN_COMMA = YES;
				CLANG_WARN_CONSTANT_CONVERSION = YES;
				CLANG_WARN_DEPRECATED_OBJC_IMPLEMENTATIONS = YES;
				CLANG_WARN_DIRECT_OBJC_ISA_USAGE = YES_ERROR;
				CLANG_WARN_DOCUMENTATION_COMMENTS = YES;
				CLANG_WARN_EMPTY_BODY = YES;
				CLANG_WARN_ENUM_CONVERSION = YES;
				CLANG_WARN_INFINITE_RECURSION = YES;
				CLANG_WARN_INT_CONVERSION = YES;
				CLANG_WARN_NON_LITERAL_NULL_CONVERSION = YES;
				CLANG_WARN_OBJC_IMPLICIT_RETAIN_SELF = YES;
				CLANG_WARN_OBJC_LITERAL_CONVERSION = YES;
				CLANG_WARN_OBJC_ROOT_CLASS = YES_ERROR;
				CLANG_WARN_QUOTED_INCLUDE_IN_FRAMEWORK_HEADER = YES;
				CLANG_WARN_RANGE_LOOP_ANALYSIS = YES;
				CLANG_WARN_STRICT_PROTOTYPES = YES;
				CLANG_WARN_SUSPICIOUS_MOVE = YES;
				CLANG_WARN_UNGUARDED_AVAILABILITY = YES_AGGRESSIVE;
				CLANG_WARN_UNREACHABLE_CODE = YES;
				CLANG_WARN__DUPLICATE_METHOD_MATCH = YES;
				COPY_PHASE_STRIP = NO;
				DEBUG_INFORMATION_FORMAT = "dwarf-with-dsym";
				ENABLE_NS_ASSERTIONS = NO;
				ENABLE_STRICT_OBJC_MSGSEND = YES;
				ENABLE_USER_SCRIPT_SANDBOXING = YES;
				GCC_C_LANGUAGE_STANDARD = gnu17;
				GCC_NO_COMMON_BLOCKS = YES;
				GCC_WARN_64_TO_32_BIT_CONVERSION = YES;
				GCC_WARN_ABOUT_RETURN_TYPE = YES_ERROR;
				GCC_WARN_UNDECLARED_SELECTOR = YES;
				GCC_WARN_UNINITIALIZED_AUTOS = YES_AGGRESSIVE;
				GCC_WARN_UNUSED_FUNCTION = YES;
				GCC_WARN_UNUSED_VARIABLE = YES;
				IPHONEOS_DEPLOYMENT_TARGET = 17.5;
				LOCALIZATION_PREFERS_STRING_CATALOGS = YES;
				MTL_ENABLE_DEBUG_INFO = NO;
				MTL_FAST_MATH = YES;
				SDKROOT = iphoneos;
				SWIFT_COMPILATION_MODE = wholemodule;
				VALIDATE_PRODUCT = YES;
			};
			name = Release;
		};
		210A5FC02C8A0CD500B4D655 /* Debug */ = {
			isa = XCBuildConfiguration;
			buildSettings = {
				ASSETCATALOG_COMPILER_APPICON_NAME = AppIcon;
				ASSETCATALOG_COMPILER_GLOBAL_ACCENT_COLOR_NAME = AccentColor;
				CODE_SIGN_STYLE = Automatic;
				CURRENT_PROJECT_VERSION = 1;
				GENERATE_INFOPLIST_FILE = YES;
				INFOPLIST_FILE = GHFollowers/Info.plist;
				INFOPLIST_KEY_UIApplicationSupportsIndirectInputEvents = YES;
				INFOPLIST_KEY_UILaunchStoryboardName = LaunchScreen;
				INFOPLIST_KEY_UISupportedInterfaceOrientations = UIInterfaceOrientationPortrait;
				INFOPLIST_KEY_UISupportedInterfaceOrientations_iPad = "UIInterfaceOrientationLandscapeLeft UIInterfaceOrientationLandscapeRight UIInterfaceOrientationPortrait UIInterfaceOrientationPortraitUpsideDown";
				LD_RUNPATH_SEARCH_PATHS = (
					"$(inherited)",
					"@executable_path/Frameworks",
				);
				MARKETING_VERSION = 1.0;
				PRODUCT_BUNDLE_IDENTIFIER = "com.example.Ajay-Shrestha.GHFollowers";
				PRODUCT_NAME = "$(TARGET_NAME)";
				SWIFT_EMIT_LOC_STRINGS = YES;
				SWIFT_VERSION = 5.0;
				TARGETED_DEVICE_FAMILY = "1,2";
			};
			name = Debug;
		};
		210A5FC12C8A0CD500B4D655 /* Release */ = {
			isa = XCBuildConfiguration;
			buildSettings = {
				ASSETCATALOG_COMPILER_APPICON_NAME = AppIcon;
				ASSETCATALOG_COMPILER_GLOBAL_ACCENT_COLOR_NAME = AccentColor;
				CODE_SIGN_STYLE = Automatic;
				CURRENT_PROJECT_VERSION = 1;
				GENERATE_INFOPLIST_FILE = YES;
				INFOPLIST_FILE = GHFollowers/Info.plist;
				INFOPLIST_KEY_UIApplicationSupportsIndirectInputEvents = YES;
				INFOPLIST_KEY_UILaunchStoryboardName = LaunchScreen;
				INFOPLIST_KEY_UISupportedInterfaceOrientations = UIInterfaceOrientationPortrait;
				INFOPLIST_KEY_UISupportedInterfaceOrientations_iPad = "UIInterfaceOrientationLandscapeLeft UIInterfaceOrientationLandscapeRight UIInterfaceOrientationPortrait UIInterfaceOrientationPortraitUpsideDown";
				LD_RUNPATH_SEARCH_PATHS = (
					"$(inherited)",
					"@executable_path/Frameworks",
				);
				MARKETING_VERSION = 1.0;
				PRODUCT_BUNDLE_IDENTIFIER = "com.example.Ajay-Shrestha.GHFollowers";
				PRODUCT_NAME = "$(TARGET_NAME)";
				SWIFT_EMIT_LOC_STRINGS = YES;
				SWIFT_VERSION = 5.0;
				TARGETED_DEVICE_FAMILY = "1,2";
			};
			name = Release;
		};
/* End XCBuildConfiguration section */

/* Begin XCConfigurationList section */
		210A5FA62C8A0CD400B4D655 /* Build configuration list for PBXProject "GHFollowers" */ = {
			isa = XCConfigurationList;
			buildConfigurations = (
				210A5FBD2C8A0CD500B4D655 /* Debug */,
				210A5FBE2C8A0CD500B4D655 /* Release */,
			);
			defaultConfigurationIsVisible = 0;
			defaultConfigurationName = Release;
		};
		210A5FBF2C8A0CD500B4D655 /* Build configuration list for PBXNativeTarget "GHFollowers" */ = {
			isa = XCConfigurationList;
			buildConfigurations = (
				210A5FC02C8A0CD500B4D655 /* Debug */,
				210A5FC12C8A0CD500B4D655 /* Release */,
			);
			defaultConfigurationIsVisible = 0;
			defaultConfigurationName = Release;
		};
/* End XCConfigurationList section */
	};
	rootObject = 210A5FA32C8A0CD400B4D655 /* Project object */;
}
